
Microsoft Visual Studio Solution File, Format Version 12.00
# Visual Studio Version 17
VisualStudioVersion = 17.7.34031.279
MinimumVisualStudioVersion = 10.0.40219.1
Project("{FAE04EC0-301F-11D3-BF4B-00C04F79EFBC}") = "301270677(prathan)_Lab01", "301270677(prathan)_Lab01\301270677(prathan)_Lab01.csproj", "{48D2EBB7-1951-4399-A831-5562B2CCC056}"
EndProject
Global
	GlobalSection(SolutionConfigurationPlatforms) = preSolution
		Debug|Any CPU = Debug|Any CPU
		Release|Any CPU = Release|Any CPU
	EndGlobalSection
	GlobalSection(ProjectConfigurationPlatforms) = postSolution
		{48D2EBB7-1951-4399-A831-5562B2CCC056}.Debug|Any CPU.ActiveCfg = Debug|Any CPU
		{48D2EBB7-1951-4399-A831-5562B2CCC056}.Debug|Any CPU.Build.0 = Debug|Any CPU
		{48D2EBB7-1951-4399-A831-5562B2CCC056}.Release|Any CPU.ActiveCfg = Release|Any CPU
		{48D2EBB7-1951-4399-A831-5562B2CCC056}.Release|Any CPU.Build.0 = Release|Any CPU
	EndGlobalSection
	GlobalSection(SolutionProperties) = preSolution
		HideSolutionNode = FALSE
	EndGlobalSection
	GlobalSection(ExtensibilityGlobals) = postSolution
		SolutionGuid = {123B640F-E8D2-4B36-95F7-56D1B69CEAA2}
	EndGlobalSection
EndGlobal
